// !$*UTF8*$!
{
	archiveVersion = 1;
	classes = {
	};
	objectVersion = 56;
	objects = {

/* Begin PBXBuildFile section */
		F8A59E0A2C4DF5B20082EA6D /* iOS_IntroSwiftUIApp.swift in Sources */ = {isa = PBXBuildFile; fileRef = F8A59E092C4DF5B20082EA6D /* iOS_IntroSwiftUIApp.swift */; };
		F8A59E0C2C4DF5B20082EA6D /* ContentView.swift in Sources */ = {isa = PBXBuildFile; fileRef = F8A59E0B2C4DF5B20082EA6D /* ContentView.swift */; };
		F8A59E0E2C4DF5B40082EA6D /* Assets.xcassets in Resources */ = {isa = PBXBuildFile; fileRef = F8A59E0D2C4DF5B40082EA6D /* Assets.xcassets */; };
		F8A59E112C4DF5B40082EA6D /* Preview Assets.xcassets in Resources */ = {isa = PBXBuildFile; fileRef = F8A59E102C4DF5B40082EA6D /* Preview Assets.xcassets */; };
		F8A59E322C4F41AC0082EA6D /* ProductView.swift in Sources */ = {isa = PBXBuildFile; fileRef = F8A59E312C4F41AC0082EA6D /* ProductView.swift */; };
		F8A59E342C5095420082EA6D /* JokesView.swift in Sources */ = {isa = PBXBuildFile; fileRef = F8A59E332C5095420082EA6D /* JokesView.swift */; };
		F8A59E362C50A8900082EA6D /* UniversityListView.swift in Sources */ = {isa = PBXBuildFile; fileRef = F8A59E352C50A8900082EA6D /* UniversityListView.swift */; };
		F8A59E822C52027C0082EA6D /* Montserrat-Italic-VariableFont_wght.ttf in Resources */ = {isa = PBXBuildFile; fileRef = F8A59E802C52027C0082EA6D /* Montserrat-Italic-VariableFont_wght.ttf */; };
		F8A59E832C52027C0082EA6D /* Montserrat-VariableFont_wght.ttf in Resources */ = {isa = PBXBuildFile; fileRef = F8A59E812C52027C0082EA6D /* Montserrat-VariableFont_wght.ttf */; };
/* End PBXBuildFile section */

/* Begin PBXFileReference section */
		F8A59E062C4DF5B20082EA6D /* iOS_IntroSwiftUI.app */ = {isa = PBXFileReference; explicitFileType = wrapper.application; includeInIndex = 0; path = iOS_IntroSwiftUI.app; sourceTree = BUILT_PRODUCTS_DIR; };
		F8A59E092C4DF5B20082EA6D /* iOS_IntroSwiftUIApp.swift */ = {isa = PBXFileReference; lastKnownFileType = sourcecode.swift; path = iOS_IntroSwiftUIApp.swift; sourceTree = "<group>"; };
		F8A59E0B2C4DF5B20082EA6D /* ContentView.swift */ = {isa = PBXFileReference; lastKnownFileType = sourcecode.swift; path = ContentView.swift; sourceTree = "<group>"; };
		F8A59E0D2C4DF5B40082EA6D /* Assets.xcassets */ = {isa = PBXFileReference; lastKnownFileType = folder.assetcatalog; path = Assets.xcassets; sourceTree = "<group>"; };
		F8A59E102C4DF5B40082EA6D /* Preview Assets.xcassets */ = {isa = PBXFileReference; lastKnownFileType = folder.assetcatalog; path = "Preview Assets.xcassets"; sourceTree = "<group>"; };
		F8A59E312C4F41AC0082EA6D /* ProductView.swift */ = {isa = PBXFileReference; lastKnownFileType = sourcecode.swift; path = ProductView.swift; sourceTree = "<group>"; };
		F8A59E332C5095420082EA6D /* JokesView.swift */ = {isa = PBXFileReference; lastKnownFileType = sourcecode.swift; path = JokesView.swift; sourceTree = "<group>"; };
		F8A59E352C50A8900082EA6D /* UniversityListView.swift */ = {isa = PBXFileReference; lastKnownFileType = sourcecode.swift; path = UniversityListView.swift; sourceTree = "<group>"; };
		F8A59E372C50C9910082EA6D /* iOS-IntroSwiftUI-Info.plist */ = {isa = PBXFileReference; lastKnownFileType = text.plist; path = "iOS-IntroSwiftUI-Info.plist"; sourceTree = SOURCE_ROOT; };
		F8A59E802C52027C0082EA6D /* Montserrat-Italic-VariableFont_wght.ttf */ = {isa = PBXFileReference; lastKnownFileType = file; path = "Montserrat-Italic-VariableFont_wght.ttf"; sourceTree = "<group>"; };
		F8A59E812C52027C0082EA6D /* Montserrat-VariableFont_wght.ttf */ = {isa = PBXFileReference; lastKnownFileType = file; path = "Montserrat-VariableFont_wght.ttf"; sourceTree = "<group>"; };
/* End PBXFileReference section */

/* Begin PBXFrameworksBuildPhase section */
		F8A59E032C4DF5B20082EA6D /* Frameworks */ = {
			isa = PBXFrameworksBuildPhase;
			buildActionMask = 2147483647;
			files = (
			);
			runOnlyForDeploymentPostprocessing = 0;
		};
/* End PBXFrameworksBuildPhase section */

/* Begin PBXGroup section */
		F8A59DFD2C4DF5B20082EA6D = {
			isa = PBXGroup;
			children = (
				F8A59E082C4DF5B20082EA6D /* iOS_IntroSwiftUI */,
				F8A59E072C4DF5B20082EA6D /* Products */,
			);
			sourceTree = "<group>";
		};
		F8A59E072C4DF5B20082EA6D /* Products */ = {
			isa = PBXGroup;
			children = (
				F8A59E062C4DF5B20082EA6D /* iOS_IntroSwiftUI.app */,
			);
			name = Products;
			sourceTree = "<group>";
		};
		F8A59E082C4DF5B20082EA6D /* iOS_IntroSwiftUI */ = {
			isa = PBXGroup;
			children = (
				F8A59E372C50C9910082EA6D /* iOS-IntroSwiftUI-Info.plist */,
				F8A59E092C4DF5B20082EA6D /* iOS_IntroSwiftUIApp.swift */,
				F8A59E0B2C4DF5B20082EA6D /* ContentView.swift */,
				F8A59E312C4F41AC0082EA6D /* ProductView.swift */,
				F8A59E332C5095420082EA6D /* JokesView.swift */,
				F8A59E352C50A8900082EA6D /* UniversityListView.swift */,
				F8A59E0D2C4DF5B40082EA6D /* Assets.xcassets */,
				F8A59E802C52027C0082EA6D /* Montserrat-Italic-VariableFont_wght.ttf */,
				F8A59E812C52027C0082EA6D /* Montserrat-VariableFont_wght.ttf */,
				F8A59E0F2C4DF5B40082EA6D /* Preview Content */,
			);
			path = iOS_IntroSwiftUI;
			sourceTree = "<group>";
		};
		F8A59E0F2C4DF5B40082EA6D /* Preview Content */ = {
			isa = PBXGroup;
			children = (
				F8A59E102C4DF5B40082EA6D /* Preview Assets.xcassets */,
			);
			path = "Preview Content";
			sourceTree = "<group>";
		};
/* End PBXGroup section */

/* Begin PBXNativeTarget section */
		F8A59E052C4DF5B20082EA6D /* iOS_IntroSwiftUI */ = {
			isa = PBXNativeTarget;
			buildConfigurationList = F8A59E142C4DF5B40082EA6D /* Build configuration list for PBXNativeTarget "iOS_IntroSwiftUI" */;
			buildPhases = (
				F8A59E022C4DF5B20082EA6D /* Sources */,
				F8A59E032C4DF5B20082EA6D /* Frameworks */,
				F8A59E042C4DF5B20082EA6D /* Resources */,
			);
			buildRules = (
			);
			dependencies = (
			);
			name = iOS_IntroSwiftUI;
			productName = iOS_IntroSwiftUI;
			productReference = F8A59E062C4DF5B20082EA6D /* iOS_IntroSwiftUI.app */;
			productType = "com.apple.product-type.application";
		};
/* End PBXNativeTarget section */

/* Begin PBXProject section */
		F8A59DFE2C4DF5B20082EA6D /* Project object */ = {
			isa = PBXProject;
			attributes = {
				BuildIndependentTargetsInParallel = 1;
				LastSwiftUpdateCheck = 1540;
				LastUpgradeCheck = 1540;
				TargetAttributes = {
					F8A59E052C4DF5B20082EA6D = {
						CreatedOnToolsVersion = 15.4;
					};
				};
			};
			buildConfigurationList = F8A59E012C4DF5B20082EA6D /* Build configuration list for PBXProject "iOS_IntroSwiftUI" */;
			compatibilityVersion = "Xcode 14.0";
			developmentRegion = en;
			hasScannedForEncodings = 0;
			knownRegions = (
				en,
				Base,
			);
			mainGroup = F8A59DFD2C4DF5B20082EA6D;
			productRefGroup = F8A59E072C4DF5B20082EA6D /* Products */;
			projectDirPath = "";
			projectRoot = "";
			targets = (
				F8A59E052C4DF5B20082EA6D /* iOS_IntroSwiftUI */,
			);
		};
/* End PBXProject section */

/* Begin PBXResourcesBuildPhase section */
		F8A59E042C4DF5B20082EA6D /* Resources */ = {
			isa = PBXResourcesBuildPhase;
			buildActionMask = 2147483647;
			files = (
				F8A59E832C52027C0082EA6D /* Montserrat-VariableFont_wght.ttf in Resources */,
				F8A59E112C4DF5B40082EA6D /* Preview Assets.xcassets in Resources */,
				F8A59E822C52027C0082EA6D /* Montserrat-Italic-VariableFont_wght.ttf in Resources */,
				F8A59E0E2C4DF5B40082EA6D /* Assets.xcassets in Resources */,
			);
			runOnlyForDeploymentPostprocessing = 0;
		};
/* End PBXResourcesBuildPhase section */

/* Begin PBXSourcesBuildPhase section */
		F8A59E022C4DF5B20082EA6D /* Sources */ = {
			isa = PBXSourcesBuildPhase;
			buildActionMask = 2147483647;
			files = (
				F8A59E0C2C4DF5B20082EA6D /* ContentView.swift in Sources */,
				F8A59E342C5095420082EA6D /* JokesView.swift in Sources */,
				F8A59E322C4F41AC0082EA6D /* ProductView.swift in Sources */,
				F8A59E362C50A8900082EA6D /* UniversityListView.swift in Sources */,
				F8A59E0A2C4DF5B20082EA6D /* iOS_IntroSwiftUIApp.swift in Sources */,
			);
			runOnlyForDeploymentPostprocessing = 0;
		};
/* End PBXSourcesBuildPhase section */

/* Begin XCBuildConfiguration section */
		F8A59E122C4DF5B40082EA6D /* Debug */ = {
			isa = XCBuildConfiguration;
			buildSettings = {
				ALWAYS_SEARCH_USER_PATHS = NO;
				ASSETCATALOG_COMPILER_GENERATE_SWIFT_ASSET_SYMBOL_EXTENSIONS = YES;
				CLANG_ANALYZER_NONNULL = YES;
				CLANG_ANALYZER_NUMBER_OBJECT_CONVERSION = YES_AGGRESSIVE;
				CLANG_CXX_LANGUAGE_STANDARD = "gnu++20";
				CLANG_ENABLE_MODULES = YES;
				CLANG_ENABLE_OBJC_ARC = YES;
				CLANG_ENABLE_OBJC_WEAK = YES;
				CLANG_WARN_BLOCK_CAPTURE_AUTORELEASING = YES;
				CLANG_WARN_BOOL_CONVERSION = YES;
				CLANG_WARN_COMMA = YES;
				CLANG_WARN_CONSTANT_CONVERSION = YES;
				CLANG_WARN_DEPRECATED_OBJC_IMPLEMENTATIONS = YES;
				CLANG_WARN_DIRECT_OBJC_ISA_USAGE = YES_ERROR;
				CLANG_WARN_DOCUMENTATION_COMMENTS = YES;
				CLANG_WARN_EMPTY_BODY = YES;
				CLANG_WARN_ENUM_CONVERSION = YES;
				CLANG_WARN_INFINITE_RECURSION = YES;
				CLANG_WARN_INT_CONVERSION = YES;
				CLANG_WARN_NON_LITERAL_NULL_CONVERSION = YES;
				CLANG_WARN_OBJC_IMPLICIT_RETAIN_SELF = YES;
				CLANG_WARN_OBJC_LITERAL_CONVERSION = YES;
				CLANG_WARN_OBJC_ROOT_CLASS = YES_ERROR;
				CLANG_WARN_QUOTED_INCLUDE_IN_FRAMEWORK_HEADER = YES;
				CLANG_WARN_RANGE_LOOP_ANALYSIS = YES;
				CLANG_WARN_STRICT_PROTOTYPES = YES;
				CLANG_WARN_SUSPICIOUS_MOVE = YES;
				CLANG_WARN_UNGUARDED_AVAILABILITY = YES_AGGRESSIVE;
				CLANG_WARN_UNREACHABLE_CODE = YES;
				CLANG_WARN__DUPLICATE_METHOD_MATCH = YES;
				COPY_PHASE_STRIP = NO;
				DEBUG_INFORMATION_FORMAT = dwarf;
				ENABLE_STRICT_OBJC_MSGSEND = YES;
				ENABLE_TESTABILITY = YES;
				ENABLE_USER_SCRIPT_SANDBOXING = YES;
				GCC_C_LANGUAGE_STANDARD = gnu17;
				GCC_DYNAMIC_NO_PIC = NO;
				GCC_NO_COMMON_BLOCKS = YES;
				GCC_OPTIMIZATION_LEVEL = 0;
				GCC_PREPROCESSOR_DEFINITIONS = (
					"DEBUG=1",
					"$(inherited)",
				);
				GCC_WARN_64_TO_32_BIT_CONVERSION = YES;
				GCC_WARN_ABOUT_RETURN_TYPE = YES_ERROR;
				GCC_WARN_UNDECLARED_SELECTOR = YES;
				GCC_WARN_UNINITIALIZED_AUTOS = YES_AGGRESSIVE;
				GCC_WARN_UNUSED_FUNCTION = YES;
				GCC_WARN_UNUSED_VARIABLE = YES;
				IPHONEOS_DEPLOYMENT_TARGET = 17.5;
				LOCALIZATION_PREFERS_STRING_CATALOGS = YES;
				MTL_ENABLE_DEBUG_INFO = INCLUDE_SOURCE;
				MTL_FAST_MATH = YES;
				ONLY_ACTIVE_ARCH = YES;
				SDKROOT = iphoneos;
				SWIFT_ACTIVE_COMPILATION_CONDITIONS = "DEBUG $(inherited)";
				SWIFT_OPTIMIZATION_LEVEL = "-Onone";
			};
			name = Debug;
		};
		F8A59E132C4DF5B40082EA6D /* Release */ = {
			isa = XCBuildConfiguration;
			buildSettings = {
				ALWAYS_SEARCH_USER_PATHS = NO;
				ASSETCATALOG_COMPILER_GENERATE_SWIFT_ASSET_SYMBOL_EXTENSIONS = YES;
				CLANG_ANALYZER_NONNULL = YES;
				CLANG_ANALYZER_NUMBER_OBJECT_CONVERSION = YES_AGGRESSIVE;
				CLANG_CXX_LANGUAGE_STANDARD = "gnu++20";
				CLANG_ENABLE_MODULES = YES;
				CLANG_ENABLE_OBJC_ARC = YES;
				CLANG_ENABLE_OBJC_WEAK = YES;
				CLANG_WARN_BLOCK_CAPTURE_AUTORELEASING = YES;
				CLANG_WARN_BOOL_CONVERSION = YES;
				CLANG_WARN_COMMA = YES;
				CLANG_WARN_CONSTANT_CONVERSION = YES;
				CLANG_WARN_DEPRECATED_OBJC_IMPLEMENTATIONS = YES;
				CLANG_WARN_DIRECT_OBJC_ISA_USAGE = YES_ERROR;
				CLANG_WARN_DOCUMENTATION_COMMENTS = YES;
				CLANG_WARN_EMPTY_BODY = YES;
				CLANG_WARN_ENUM_CONVERSION = YES;
				CLANG_WARN_INFINITE_RECURSION = YES;
				CLANG_WARN_INT_CONVERSION = YES;
				CLANG_WARN_NON_LITERAL_NULL_CONVERSION = YES;
				CLANG_WARN_OBJC_IMPLICIT_RETAIN_SELF = YES;
				CLANG_WARN_OBJC_LITERAL_CONVERSION = YES;
				CLANG_WARN_OBJC_ROOT_CLASS = YES_ERROR;
				CLANG_WARN_QUOTED_INCLUDE_IN_FRAMEWORK_HEADER = YES;
				CLANG_WARN_RANGE_LOOP_ANALYSIS = YES;
				CLANG_WARN_STRICT_PROTOTYPES = YES;
				CLANG_WARN_SUSPICIOUS_MOVE = YES;
				CLANG_WARN_UNGUARDED_AVAILABILITY = YES_AGGRESSIVE;
				CLANG_WARN_UNREACHABLE_CODE = YES;
				CLANG_WARN__DUPLICATE_METHOD_MATCH = YES;
				COPY_PHASE_STRIP = NO;
				DEBUG_INFORMATION_FORMAT = "dwarf-with-dsym";
				ENABLE_NS_ASSERTIONS = NO;
				ENABLE_STRICT_OBJC_MSGSEND = YES;
				ENABLE_USER_SCRIPT_SANDBOXING = YES;
				GCC_C_LANGUAGE_STANDARD = gnu17;
				GCC_NO_COMMON_BLOCKS = YES;
				GCC_WARN_64_TO_32_BIT_CONVERSION = YES;
				GCC_WARN_ABOUT_RETURN_TYPE = YES_ERROR;
				GCC_WARN_UNDECLARED_SELECTOR = YES;
				GCC_WARN_UNINITIALIZED_AUTOS = YES_AGGRESSIVE;
				GCC_WARN_UNUSED_FUNCTION = YES;
				GCC_WARN_UNUSED_VARIABLE = YES;
				IPHONEOS_DEPLOYMENT_TARGET = 17.5;
				LOCALIZATION_PREFERS_STRING_CATALOGS = YES;
				MTL_ENABLE_DEBUG_INFO = NO;
				MTL_FAST_MATH = YES;
				SDKROOT = iphoneos;
				SWIFT_COMPILATION_MODE = wholemodule;
				VALIDATE_PRODUCT = YES;
			};
			name = Release;
		};
		F8A59E152C4DF5B40082EA6D /* Debug */ = {
			isa = XCBuildConfiguration;
			buildSettings = {
				ASSETCATALOG_COMPILER_APPICON_NAME = AppIcon;
				ASSETCATALOG_COMPILER_GLOBAL_ACCENT_COLOR_NAME = AccentColor;
				CODE_SIGN_STYLE = Automatic;
				CURRENT_PROJECT_VERSION = 1;
				DEVELOPMENT_ASSET_PATHS = "\"iOS_IntroSwiftUI/Preview Content\"";
				ENABLE_PREVIEWS = YES;
				GENERATE_INFOPLIST_FILE = YES;
				INFOPLIST_FILE = "iOS-IntroSwiftUI-Info.plist";
				INFOPLIST_KEY_LSApplicationCategoryType = "";
				INFOPLIST_KEY_UIApplicationSceneManifest_Generation = YES;
				INFOPLIST_KEY_UIApplicationSupportsIndirectInputEvents = YES;
				INFOPLIST_KEY_UILaunchScreen_Generation = YES;
				INFOPLIST_KEY_UISupportedInterfaceOrientations_iPhone = "UIInterfaceOrientationPortrait UIInterfaceOrientationLandscapeLeft UIInterfaceOrientationLandscapeRight";
				LD_RUNPATH_SEARCH_PATHS = (
					"$(inherited)",
					"@executable_path/Frameworks",
				);
				MARKETING_VERSION = 1.0;
				PRODUCT_BUNDLE_IDENTIFIER = "training.iOS-IntroSwiftUI";
				PRODUCT_NAME = "$(TARGET_NAME)";
				SWIFT_EMIT_LOC_STRINGS = YES;
				SWIFT_VERSION = 5.0;
				TARGETED_DEVICE_FAMILY = "1,2";
			};
			name = Debug;
		};
		F8A59E162C4DF5B40082EA6D /* Release */ = {
			isa = XCBuildConfiguration;
			buildSettings = {
				ASSETCATALOG_COMPILER_APPICON_NAME = AppIcon;
				ASSETCATALOG_COMPILER_GLOBAL_ACCENT_COLOR_NAME = AccentColor;
				CODE_SIGN_STYLE = Automatic;
				CURRENT_PROJECT_VERSION = 1;
				DEVELOPMENT_ASSET_PATHS = "\"iOS_IntroSwiftUI/Preview Content\"";
				ENABLE_PREVIEWS = YES;
				GENERATE_INFOPLIST_FILE = YES;
				INFOPLIST_FILE = "iOS-IntroSwiftUI-Info.plist";
				INFOPLIST_KEY_LSApplicationCategoryType = "";
				INFOPLIST_KEY_UIApplicationSceneManifest_Generation = YES;
				INFOPLIST_KEY_UIApplicationSupportsIndirectInputEvents = YES;
				INFOPLIST_KEY_UILaunchScreen_Generation = YES;
				INFOPLIST_KEY_UISupportedInterfaceOrientations_iPhone = "UIInterfaceOrientationPortrait UIInterfaceOrientationLandscapeLeft UIInterfaceOrientationLandscapeRight";
				LD_RUNPATH_SEARCH_PATHS = (
					"$(inherited)",
					"@executable_path/Frameworks",
				);
				MARKETING_VERSION = 1.0;
				PRODUCT_BUNDLE_IDENTIFIER = "training.iOS-IntroSwiftUI";
				PRODUCT_NAME = "$(TARGET_NAME)";
				SWIFT_EMIT_LOC_STRINGS = YES;
				SWIFT_VERSION = 5.0;
				TARGETED_DEVICE_FAMILY = "1,2";
			};
			name = Release;
		};
/* End XCBuildConfiguration section */

/* Begin XCConfigurationList section */
		F8A59E012C4DF5B20082EA6D /* Build configuration list for PBXProject "iOS_IntroSwiftUI" */ = {
			isa = XCConfigurationList;
			buildConfigurations = (
				F8A59E122C4DF5B40082EA6D /* Debug */,
				F8A59E132C4DF5B40082EA6D /* Release */,
			);
			defaultConfigurationIsVisible = 0;
			defaultConfigurationName = Release;
		};
		F8A59E142C4DF5B40082EA6D /* Build configuration list for PBXNativeTarget "iOS_IntroSwiftUI" */ = {
			isa = XCConfigurationList;
			buildConfigurations = (
				F8A59E152C4DF5B40082EA6D /* Debug */,
				F8A59E162C4DF5B40082EA6D /* Release */,
			);
			defaultConfigurationIsVisible = 0;
			defaultConfigurationName = Release;
		};
/* End XCConfigurationList section */
	};
	rootObject = F8A59DFE2C4DF5B20082EA6D /* Project object */;
}
